// !$*UTF8*$!
{
	archiveVersion = 1;
	classes = {
	};
	objectVersion = 55;
	objects = {

/* Begin PBXBuildFile section */
		483E8E2728A1FCDF002E2672 /* ContentView.swift in Sources */ = {isa = PBXBuildFile; fileRef = 483E8E2628A1FCDF002E2672 /* ContentView.swift */; };
		483E8E2928A1FCE1002E2672 /* Assets.xcassets in Resources */ = {isa = PBXBuildFile; fileRef = 483E8E2828A1FCE1002E2672 /* Assets.xcassets */; };
		483E8E2C28A1FCE1002E2672 /* Preview Assets.xcassets in Resources */ = {isa = PBXBuildFile; fileRef = 483E8E2B28A1FCE1002E2672 /* Preview Assets.xcassets */; };
		483E8E3128A1FD9A002E2672 /* LandmarkRow.swift in Sources */ = {isa = PBXBuildFile; fileRef = 488B357B28A0B85E005DB0C7 /* LandmarkRow.swift */; };
		483E8E3228A1FD9A002E2672 /* landmarkData.json in Resources */ = {isa = PBXBuildFile; fileRef = 488B358428A0B85E005DB0C7 /* landmarkData.json */; };
		483E8E3328A1FD9A002E2672 /* CircleImage.swift in Sources */ = {isa = PBXBuildFile; fileRef = 488B358228A0B85E005DB0C7 /* CircleImage.swift */; };
		483E8E3428A1FD9A002E2672 /* ModelData.swift in Sources */ = {isa = PBXBuildFile; fileRef = 488B357828A0B85E005DB0C7 /* ModelData.swift */; };
		483E8E3528A1FD9A002E2672 /* FavoriteButton.swift in Sources */ = {isa = PBXBuildFile; fileRef = 488B358028A0B85E005DB0C7 /* FavoriteButton.swift */; };
		483E8E3628A1FD9A002E2672 /* MapView.swift in Sources */ = {isa = PBXBuildFile; fileRef = 488B358128A0B85E005DB0C7 /* MapView.swift */; };
		483E8E3728A1FD9A002E2672 /* LandmarkList.swift in Sources */ = {isa = PBXBuildFile; fileRef = 488B357D28A0B85E005DB0C7 /* LandmarkList.swift */; };
		483E8E3828A1FD9A002E2672 /* Hike.swift in Sources */ = {isa = PBXBuildFile; fileRef = 48B4592728A0FC10007B8309 /* Hike.swift */; };
		483E8E3928A1FD9A002E2672 /* Profile.swift in Sources */ = {isa = PBXBuildFile; fileRef = 48CDFC5228A1118A00CCD45E /* Profile.swift */; };
		483E8E3A28A1FD9A002E2672 /* landmarksApp.swift in Sources */ = {isa = PBXBuildFile; fileRef = 488B356528A0A82A005DB0C7 /* landmarksApp.swift */; };
		483E8E3B28A1FD9A002E2672 /* hikeData.json in Resources */ = {isa = PBXBuildFile; fileRef = 48B4592528A0FBFB007B8309 /* hikeData.json */; };
		483E8E3C28A1FD9A002E2672 /* Assets.xcassets in Resources */ = {isa = PBXBuildFile; fileRef = 48C862B628A13CDF00C9D27F /* Assets.xcassets */; };
		483E8E3D28A1FD9A002E2672 /* Landmark.swift in Sources */ = {isa = PBXBuildFile; fileRef = 488B357728A0B85E005DB0C7 /* Landmark.swift */; };
		483E8E4C28A1FDBB002E2672 /* LandmarkRow.swift in Sources */ = {isa = PBXBuildFile; fileRef = 488B357B28A0B85E005DB0C7 /* LandmarkRow.swift */; };
		483E8E4D28A1FDBB002E2672 /* landmarkData.json in Resources */ = {isa = PBXBuildFile; fileRef = 488B358428A0B85E005DB0C7 /* landmarkData.json */; };
		483E8E4E28A1FDBB002E2672 /* CircleImage.swift in Sources */ = {isa = PBXBuildFile; fileRef = 488B358228A0B85E005DB0C7 /* CircleImage.swift */; };
		483E8E4F28A1FDBB002E2672 /* ModelData.swift in Sources */ = {isa = PBXBuildFile; fileRef = 488B357828A0B85E005DB0C7 /* ModelData.swift */; };
		483E8E5028A1FDBB002E2672 /* FavoriteButton.swift in Sources */ = {isa = PBXBuildFile; fileRef = 488B358028A0B85E005DB0C7 /* FavoriteButton.swift */; };
		483E8E5128A1FDBB002E2672 /* MapView.swift in Sources */ = {isa = PBXBuildFile; fileRef = 488B358128A0B85E005DB0C7 /* MapView.swift */; };
		483E8E5328A1FDBB002E2672 /* Hike.swift in Sources */ = {isa = PBXBuildFile; fileRef = 48B4592728A0FC10007B8309 /* Hike.swift */; };
		483E8E5428A1FDBB002E2672 /* Profile.swift in Sources */ = {isa = PBXBuildFile; fileRef = 48CDFC5228A1118A00CCD45E /* Profile.swift */; };
		483E8E5528A1FDBB002E2672 /* landmarksApp.swift in Sources */ = {isa = PBXBuildFile; fileRef = 488B356528A0A82A005DB0C7 /* landmarksApp.swift */; };
		483E8E5628A1FDBB002E2672 /* hikeData.json in Resources */ = {isa = PBXBuildFile; fileRef = 48B4592528A0FBFB007B8309 /* hikeData.json */; };
		483E8E5728A1FDBB002E2672 /* Assets.xcassets in Resources */ = {isa = PBXBuildFile; fileRef = 48C862B628A13CDF00C9D27F /* Assets.xcassets */; };
		483E8E5828A1FDBB002E2672 /* Landmark.swift in Sources */ = {isa = PBXBuildFile; fileRef = 488B357728A0B85E005DB0C7 /* Landmark.swift */; };
		483E8E5A28A1FE8B002E2672 /* LandmarkDetail.swift in Sources */ = {isa = PBXBuildFile; fileRef = 483E8E5928A1FE8B002E2672 /* LandmarkDetail.swift */; };
		483E8E5C28A20362002E2672 /* LandmarkList.swift in Sources */ = {isa = PBXBuildFile; fileRef = 483E8E5B28A20362002E2672 /* LandmarkList.swift */; };
		483E8E5E28A20913002E2672 /* LandmarkCommands.swift in Sources */ = {isa = PBXBuildFile; fileRef = 483E8E5D28A20913002E2672 /* LandmarkCommands.swift */; };
		483E8E5F28A20913002E2672 /* LandmarkCommands.swift in Sources */ = {isa = PBXBuildFile; fileRef = 483E8E5D28A20913002E2672 /* LandmarkCommands.swift */; };
		483E8E6128A20C51002E2672 /* LandmarkSettings.swift in Sources */ = {isa = PBXBuildFile; fileRef = 483E8E6028A20C51002E2672 /* LandmarkSettings.swift */; };
		488B356628A0A82A005DB0C7 /* landmarksApp.swift in Sources */ = {isa = PBXBuildFile; fileRef = 488B356528A0A82A005DB0C7 /* landmarksApp.swift */; };
		488B356D28A0A82D005DB0C7 /* Preview Assets.xcassets in Resources */ = {isa = PBXBuildFile; fileRef = 488B356C28A0A82D005DB0C7 /* Preview Assets.xcassets */; };
		488B357428A0B837005DB0C7 /* README.md in Resources */ = {isa = PBXBuildFile; fileRef = 488B357328A0B837005DB0C7 /* README.md */; };
		488B358628A0B85E005DB0C7 /* Landmark.swift in Sources */ = {isa = PBXBuildFile; fileRef = 488B357728A0B85E005DB0C7 /* Landmark.swift */; };
		488B358728A0B85E005DB0C7 /* ModelData.swift in Sources */ = {isa = PBXBuildFile; fileRef = 488B357828A0B85E005DB0C7 /* ModelData.swift */; };
		488B358828A0B85E005DB0C7 /* LandmarkRow.swift in Sources */ = {isa = PBXBuildFile; fileRef = 488B357B28A0B85E005DB0C7 /* LandmarkRow.swift */; };
		488B358928A0B85E005DB0C7 /* LandmarkDetail.swift in Sources */ = {isa = PBXBuildFile; fileRef = 488B357C28A0B85E005DB0C7 /* LandmarkDetail.swift */; };
		488B358A28A0B85E005DB0C7 /* LandmarkList.swift in Sources */ = {isa = PBXBuildFile; fileRef = 488B357D28A0B85E005DB0C7 /* LandmarkList.swift */; };
		488B358B28A0B85E005DB0C7 /* ContentView.swift in Sources */ = {isa = PBXBuildFile; fileRef = 488B357E28A0B85E005DB0C7 /* ContentView.swift */; };
		488B358C28A0B85E005DB0C7 /* FavoriteButton.swift in Sources */ = {isa = PBXBuildFile; fileRef = 488B358028A0B85E005DB0C7 /* FavoriteButton.swift */; };
		488B358D28A0B85E005DB0C7 /* MapView.swift in Sources */ = {isa = PBXBuildFile; fileRef = 488B358128A0B85E005DB0C7 /* MapView.swift */; };
		488B358E28A0B85E005DB0C7 /* CircleImage.swift in Sources */ = {isa = PBXBuildFile; fileRef = 488B358228A0B85E005DB0C7 /* CircleImage.swift */; };
		488B358F28A0B85E005DB0C7 /* landmarkData.json in Resources */ = {isa = PBXBuildFile; fileRef = 488B358428A0B85E005DB0C7 /* landmarkData.json */; };
		48B4591B28A0E830007B8309 /* HexagonParameters.swift in Sources */ = {isa = PBXBuildFile; fileRef = 48B4591A28A0E830007B8309 /* HexagonParameters.swift */; };
		48B4591D28A0E94D007B8309 /* BadgeBackground.swift in Sources */ = {isa = PBXBuildFile; fileRef = 48B4591C28A0E94D007B8309 /* BadgeBackground.swift */; };
		48B4591F28A0EF89007B8309 /* BadgeSymbol.swift in Sources */ = {isa = PBXBuildFile; fileRef = 48B4591E28A0EF89007B8309 /* BadgeSymbol.swift */; };
		48B4592128A0F6D3007B8309 /* RotatedBadgeSymbol.swift in Sources */ = {isa = PBXBuildFile; fileRef = 48B4592028A0F6D3007B8309 /* RotatedBadgeSymbol.swift */; };
		48B4592328A0F71F007B8309 /* Badge.swift in Sources */ = {isa = PBXBuildFile; fileRef = 48B4592228A0F71F007B8309 /* Badge.swift */; };
		48B4592628A0FBFB007B8309 /* hikeData.json in Resources */ = {isa = PBXBuildFile; fileRef = 48B4592528A0FBFB007B8309 /* hikeData.json */; };
		48B4592828A0FC10007B8309 /* Hike.swift in Sources */ = {isa = PBXBuildFile; fileRef = 48B4592728A0FC10007B8309 /* Hike.swift */; };
		48B4592E28A0FD07007B8309 /* HikeView.swift in Sources */ = {isa = PBXBuildFile; fileRef = 48B4592A28A0FD07007B8309 /* HikeView.swift */; };
		48B4592F28A0FD07007B8309 /* HikeGraph.swift in Sources */ = {isa = PBXBuildFile; fileRef = 48B4592B28A0FD07007B8309 /* HikeGraph.swift */; };
		48B4593028A0FD07007B8309 /* HikeDetail.swift in Sources */ = {isa = PBXBuildFile; fileRef = 48B4592C28A0FD07007B8309 /* HikeDetail.swift */; };
		48B4593128A0FD07007B8309 /* GraphCapsule.swift in Sources */ = {isa = PBXBuildFile; fileRef = 48B4592D28A0FD07007B8309 /* GraphCapsule.swift */; };
		48C862B328A138FB00C9D27F /* ProfileEditor.swift in Sources */ = {isa = PBXBuildFile; fileRef = 48C862B228A138FB00C9D27F /* ProfileEditor.swift */; };
		48C862B728A13CDF00C9D27F /* Assets.xcassets in Resources */ = {isa = PBXBuildFile; fileRef = 48C862B628A13CDF00C9D27F /* Assets.xcassets */; };
		48C862BA28A1E07100C9D27F /* PageViewController.swift in Sources */ = {isa = PBXBuildFile; fileRef = 48C862B928A1E07100C9D27F /* PageViewController.swift */; };
		48C862BC28A1E1C200C9D27F /* FeatureCard.swift in Sources */ = {isa = PBXBuildFile; fileRef = 48C862BB28A1E1C200C9D27F /* FeatureCard.swift */; };
		48C862BE28A1E27B00C9D27F /* PageView.swift in Sources */ = {isa = PBXBuildFile; fileRef = 48C862BD28A1E27B00C9D27F /* PageView.swift */; };
		48C862C028A1E6CA00C9D27F /* PageControl.swift in Sources */ = {isa = PBXBuildFile; fileRef = 48C862BF28A1E6CA00C9D27F /* PageControl.swift */; };
		48C862C628A1EA7600C9D27F /* Assets.xcassets in Resources */ = {isa = PBXBuildFile; fileRef = 48C862C528A1EA7600C9D27F /* Assets.xcassets */; };
		48C862CC28A1EA7700C9D27F /* WatchLandmarks WatchKit Extension.appex in Embed App Extensions */ = {isa = PBXBuildFile; fileRef = 48C862CB28A1EA7700C9D27F /* WatchLandmarks WatchKit Extension.appex */; settings = {ATTRIBUTES = (RemoveHeadersOnCopy, ); }; };
		48C862D328A1EA7700C9D27F /* ContentView.swift in Sources */ = {isa = PBXBuildFile; fileRef = 48C862D228A1EA7700C9D27F /* ContentView.swift */; };
		48C862D528A1EA7700C9D27F /* NotificationController.swift in Sources */ = {isa = PBXBuildFile; fileRef = 48C862D428A1EA7700C9D27F /* NotificationController.swift */; };
		48C862D728A1EA7700C9D27F /* NotificationView.swift in Sources */ = {isa = PBXBuildFile; fileRef = 48C862D628A1EA7700C9D27F /* NotificationView.swift */; };
		48C862D928A1EA7700C9D27F /* ComplicationController.swift in Sources */ = {isa = PBXBuildFile; fileRef = 48C862D828A1EA7700C9D27F /* ComplicationController.swift */; };
		48C862DB28A1EA7800C9D27F /* Assets.xcassets in Resources */ = {isa = PBXBuildFile; fileRef = 48C862DA28A1EA7800C9D27F /* Assets.xcassets */; };
		48C862DE28A1EA7800C9D27F /* Preview Assets.xcassets in Resources */ = {isa = PBXBuildFile; fileRef = 48C862DD28A1EA7800C9D27F /* Preview Assets.xcassets */; };
		48C862E328A1EA7800C9D27F /* WatchLandmarks.app in Embed Watch Content */ = {isa = PBXBuildFile; fileRef = 48C862C328A1EA7400C9D27F /* WatchLandmarks.app */; settings = {ATTRIBUTES = (RemoveHeadersOnCopy, ); }; };
		48C862F928A1EDDB00C9D27F /* LandmarkDetail.swift in Sources */ = {isa = PBXBuildFile; fileRef = 48C862F828A1EDDB00C9D27F /* LandmarkDetail.swift */; };
		48CDFC4B28A105C600CCD45E /* CategoryHome.swift in Sources */ = {isa = PBXBuildFile; fileRef = 48CDFC4A28A105C600CCD45E /* CategoryHome.swift */; };
		48CDFC4D28A107E900CCD45E /* CategoryRow.swift in Sources */ = {isa = PBXBuildFile; fileRef = 48CDFC4C28A107E900CCD45E /* CategoryRow.swift */; };
		48CDFC4F28A10ABC00CCD45E /* CategoryItem.swift in Sources */ = {isa = PBXBuildFile; fileRef = 48CDFC4E28A10ABC00CCD45E /* CategoryItem.swift */; };
		48CDFC5328A1118A00CCD45E /* Profile.swift in Sources */ = {isa = PBXBuildFile; fileRef = 48CDFC5228A1118A00CCD45E /* Profile.swift */; };
		48CDFC5628A111BA00CCD45E /* ProfileHost.swift in Sources */ = {isa = PBXBuildFile; fileRef = 48CDFC5528A111BA00CCD45E /* ProfileHost.swift */; };
		48CDFC5828A111F800CCD45E /* ProfileSummary.swift in Sources */ = {isa = PBXBuildFile; fileRef = 48CDFC5728A111F800CCD45E /* ProfileSummary.swift */; };
		48CDFC5A28A112CE00CCD45E /* HikeBadge.swift in Sources */ = {isa = PBXBuildFile; fileRef = 48CDFC5928A112CE00CCD45E /* HikeBadge.swift */; };
/* End PBXBuildFile section */

/* Begin PBXContainerItemProxy section */
		48C862CD28A1EA7700C9D27F /* PBXContainerItemProxy */ = {
			isa = PBXContainerItemProxy;
			containerPortal = 488B355A28A0A82A005DB0C7 /* Project object */;
			proxyType = 1;
			remoteGlobalIDString = 48C862CA28A1EA7700C9D27F;
			remoteInfo = "WatchLandmarks WatchKit Extension";
		};
		48C862E128A1EA7800C9D27F /* PBXContainerItemProxy */ = {
			isa = PBXContainerItemProxy;
			containerPortal = 488B355A28A0A82A005DB0C7 /* Project object */;
			proxyType = 1;
			remoteGlobalIDString = 48C862C228A1EA7400C9D27F;
			remoteInfo = WatchLandmarks;
		};
/* End PBXContainerItemProxy section */

/* Begin PBXCopyFilesBuildPhase section */
		48C862E728A1EA7900C9D27F /* Embed App Extensions */ = {
			isa = PBXCopyFilesBuildPhase;
			buildActionMask = 2147483647;
			dstPath = "";
			dstSubfolderSpec = 13;
			files = (
				48C862CC28A1EA7700C9D27F /* WatchLandmarks WatchKit Extension.appex in Embed App Extensions */,
			);
			name = "Embed App Extensions";
			runOnlyForDeploymentPostprocessing = 0;
		};
		48C862EB28A1EA7900C9D27F /* Embed Watch Content */ = {
			isa = PBXCopyFilesBuildPhase;
			buildActionMask = 2147483647;
			dstPath = "$(CONTENTS_FOLDER_PATH)/Watch";
			dstSubfolderSpec = 16;
			files = (
				48C862E328A1EA7800C9D27F /* WatchLandmarks.app in Embed Watch Content */,
			);
			name = "Embed Watch Content";
			runOnlyForDeploymentPostprocessing = 0;
		};
/* End PBXCopyFilesBuildPhase section */

/* Begin PBXFileReference section */
		483E8E2228A1FCDE002E2672 /* MacLandmarks.app */ = {isa = PBXFileReference; explicitFileType = wrapper.application; includeInIndex = 0; path = MacLandmarks.app; sourceTree = BUILT_PRODUCTS_DIR; };
		483E8E2628A1FCDF002E2672 /* ContentView.swift */ = {isa = PBXFileReference; lastKnownFileType = sourcecode.swift; path = ContentView.swift; sourceTree = "<group>"; };
		483E8E2828A1FCE1002E2672 /* Assets.xcassets */ = {isa = PBXFileReference; lastKnownFileType = folder.assetcatalog; path = Assets.xcassets; sourceTree = "<group>"; };
		483E8E2B28A1FCE1002E2672 /* Preview Assets.xcassets */ = {isa = PBXFileReference; lastKnownFileType = folder.assetcatalog; path = "Preview Assets.xcassets"; sourceTree = "<group>"; };
		483E8E2D28A1FCE1002E2672 /* MacLandmarks.entitlements */ = {isa = PBXFileReference; lastKnownFileType = text.plist.entitlements; path = MacLandmarks.entitlements; sourceTree = "<group>"; };
		483E8E5928A1FE8B002E2672 /* LandmarkDetail.swift */ = {isa = PBXFileReference; lastKnownFileType = sourcecode.swift; path = LandmarkDetail.swift; sourceTree = "<group>"; };
		483E8E5B28A20362002E2672 /* LandmarkList.swift */ = {isa = PBXFileReference; lastKnownFileType = sourcecode.swift; path = LandmarkList.swift; sourceTree = "<group>"; };
		483E8E5D28A20913002E2672 /* LandmarkCommands.swift */ = {isa = PBXFileReference; lastKnownFileType = sourcecode.swift; path = LandmarkCommands.swift; sourceTree = "<group>"; };
		483E8E6028A20C51002E2672 /* LandmarkSettings.swift */ = {isa = PBXFileReference; lastKnownFileType = sourcecode.swift; path = LandmarkSettings.swift; sourceTree = "<group>"; };
		488B356228A0A82A005DB0C7 /* landmarks.app */ = {isa = PBXFileReference; explicitFileType = wrapper.application; includeInIndex = 0; path = landmarks.app; sourceTree = BUILT_PRODUCTS_DIR; };
		488B356528A0A82A005DB0C7 /* landmarksApp.swift */ = {isa = PBXFileReference; lastKnownFileType = sourcecode.swift; path = landmarksApp.swift; sourceTree = "<group>"; };
		488B356C28A0A82D005DB0C7 /* Preview Assets.xcassets */ = {isa = PBXFileReference; lastKnownFileType = folder.assetcatalog; path = "Preview Assets.xcassets"; sourceTree = "<group>"; };
		488B357328A0B837005DB0C7 /* README.md */ = {isa = PBXFileReference; fileEncoding = 4; lastKnownFileType = net.daringfireball.markdown; path = README.md; sourceTree = "<group>"; };
		488B357728A0B85E005DB0C7 /* Landmark.swift */ = {isa = PBXFileReference; fileEncoding = 4; lastKnownFileType = sourcecode.swift; path = Landmark.swift; sourceTree = "<group>"; };
		488B357828A0B85E005DB0C7 /* ModelData.swift */ = {isa = PBXFileReference; fileEncoding = 4; lastKnownFileType = sourcecode.swift; path = ModelData.swift; sourceTree = "<group>"; };
		488B357B28A0B85E005DB0C7 /* LandmarkRow.swift */ = {isa = PBXFileReference; fileEncoding = 4; lastKnownFileType = sourcecode.swift; path = LandmarkRow.swift; sourceTree = "<group>"; };
		488B357C28A0B85E005DB0C7 /* LandmarkDetail.swift */ = {isa = PBXFileReference; fileEncoding = 4; lastKnownFileType = sourcecode.swift; path = LandmarkDetail.swift; sourceTree = "<group>"; };
		488B357D28A0B85E005DB0C7 /* LandmarkList.swift */ = {isa = PBXFileReference; fileEncoding = 4; lastKnownFileType = sourcecode.swift; path = LandmarkList.swift; sourceTree = "<group>"; };
		488B357E28A0B85E005DB0C7 /* ContentView.swift */ = {isa = PBXFileReference; fileEncoding = 4; lastKnownFileType = sourcecode.swift; path = ContentView.swift; sourceTree = "<group>"; };
		488B358028A0B85E005DB0C7 /* FavoriteButton.swift */ = {isa = PBXFileReference; fileEncoding = 4; lastKnownFileType = sourcecode.swift; path = FavoriteButton.swift; sourceTree = "<group>"; };
		488B358128A0B85E005DB0C7 /* MapView.swift */ = {isa = PBXFileReference; fileEncoding = 4; lastKnownFileType = sourcecode.swift; path = MapView.swift; sourceTree = "<group>"; };
		488B358228A0B85E005DB0C7 /* CircleImage.swift */ = {isa = PBXFileReference; fileEncoding = 4; lastKnownFileType = sourcecode.swift; path = CircleImage.swift; sourceTree = "<group>"; };
		488B358428A0B85E005DB0C7 /* landmarkData.json */ = {isa = PBXFileReference; fileEncoding = 4; lastKnownFileType = text.json; path = landmarkData.json; sourceTree = "<group>"; };
		48B4591A28A0E830007B8309 /* HexagonParameters.swift */ = {isa = PBXFileReference; lastKnownFileType = sourcecode.swift; path = HexagonParameters.swift; sourceTree = "<group>"; };
		48B4591C28A0E94D007B8309 /* BadgeBackground.swift */ = {isa = PBXFileReference; lastKnownFileType = sourcecode.swift; path = BadgeBackground.swift; sourceTree = "<group>"; };
		48B4591E28A0EF89007B8309 /* BadgeSymbol.swift */ = {isa = PBXFileReference; lastKnownFileType = sourcecode.swift; path = BadgeSymbol.swift; sourceTree = "<group>"; };
		48B4592028A0F6D3007B8309 /* RotatedBadgeSymbol.swift */ = {isa = PBXFileReference; lastKnownFileType = sourcecode.swift; path = RotatedBadgeSymbol.swift; sourceTree = "<group>"; };
		48B4592228A0F71F007B8309 /* Badge.swift */ = {isa = PBXFileReference; lastKnownFileType = sourcecode.swift; path = Badge.swift; sourceTree = "<group>"; };
		48B4592528A0FBFB007B8309 /* hikeData.json */ = {isa = PBXFileReference; fileEncoding = 4; lastKnownFileType = text.json; path = hikeData.json; sourceTree = "<group>"; };
		48B4592728A0FC10007B8309 /* Hike.swift */ = {isa = PBXFileReference; lastKnownFileType = sourcecode.swift; path = Hike.swift; sourceTree = "<group>"; };
		48B4592A28A0FD07007B8309 /* HikeView.swift */ = {isa = PBXFileReference; fileEncoding = 4; lastKnownFileType = sourcecode.swift; path = HikeView.swift; sourceTree = "<group>"; };
		48B4592B28A0FD07007B8309 /* HikeGraph.swift */ = {isa = PBXFileReference; fileEncoding = 4; lastKnownFileType = sourcecode.swift; path = HikeGraph.swift; sourceTree = "<group>"; };
		48B4592C28A0FD07007B8309 /* HikeDetail.swift */ = {isa = PBXFileReference; fileEncoding = 4; lastKnownFileType = sourcecode.swift; path = HikeDetail.swift; sourceTree = "<group>"; };
		48B4592D28A0FD07007B8309 /* GraphCapsule.swift */ = {isa = PBXFileReference; fileEncoding = 4; lastKnownFileType = sourcecode.swift; path = GraphCapsule.swift; sourceTree = "<group>"; };
		48C862B228A138FB00C9D27F /* ProfileEditor.swift */ = {isa = PBXFileReference; lastKnownFileType = sourcecode.swift; path = ProfileEditor.swift; sourceTree = "<group>"; };
		48C862B628A13CDF00C9D27F /* Assets.xcassets */ = {isa = PBXFileReference; lastKnownFileType = folder.assetcatalog; path = Assets.xcassets; sourceTree = "<group>"; };
		48C862B928A1E07100C9D27F /* PageViewController.swift */ = {isa = PBXFileReference; lastKnownFileType = sourcecode.swift; path = PageViewController.swift; sourceTree = "<group>"; };
		48C862BB28A1E1C200C9D27F /* FeatureCard.swift */ = {isa = PBXFileReference; lastKnownFileType = sourcecode.swift; path = FeatureCard.swift; sourceTree = "<group>"; };
		48C862BD28A1E27B00C9D27F /* PageView.swift */ = {isa = PBXFileReference; lastKnownFileType = sourcecode.swift; path = PageView.swift; sourceTree = "<group>"; };
		48C862BF28A1E6CA00C9D27F /* PageControl.swift */ = {isa = PBXFileReference; lastKnownFileType = sourcecode.swift; path = PageControl.swift; sourceTree = "<group>"; };
		48C862C328A1EA7400C9D27F /* WatchLandmarks.app */ = {isa = PBXFileReference; explicitFileType = wrapper.application; includeInIndex = 0; path = WatchLandmarks.app; sourceTree = BUILT_PRODUCTS_DIR; };
		48C862C528A1EA7600C9D27F /* Assets.xcassets */ = {isa = PBXFileReference; lastKnownFileType = folder.assetcatalog; path = Assets.xcassets; sourceTree = "<group>"; };
		48C862CB28A1EA7700C9D27F /* WatchLandmarks WatchKit Extension.appex */ = {isa = PBXFileReference; explicitFileType = "wrapper.app-extension"; includeInIndex = 0; path = "WatchLandmarks WatchKit Extension.appex"; sourceTree = BUILT_PRODUCTS_DIR; };
		48C862D228A1EA7700C9D27F /* ContentView.swift */ = {isa = PBXFileReference; lastKnownFileType = sourcecode.swift; path = ContentView.swift; sourceTree = "<group>"; };
		48C862D428A1EA7700C9D27F /* NotificationController.swift */ = {isa = PBXFileReference; lastKnownFileType = sourcecode.swift; path = NotificationController.swift; sourceTree = "<group>"; };
		48C862D628A1EA7700C9D27F /* NotificationView.swift */ = {isa = PBXFileReference; lastKnownFileType = sourcecode.swift; path = NotificationView.swift; sourceTree = "<group>"; };
		48C862D828A1EA7700C9D27F /* ComplicationController.swift */ = {isa = PBXFileReference; lastKnownFileType = sourcecode.swift; path = ComplicationController.swift; sourceTree = "<group>"; };
		48C862DA28A1EA7800C9D27F /* Assets.xcassets */ = {isa = PBXFileReference; lastKnownFileType = folder.assetcatalog; path = Assets.xcassets; sourceTree = "<group>"; };
		48C862DD28A1EA7800C9D27F /* Preview Assets.xcassets */ = {isa = PBXFileReference; lastKnownFileType = folder.assetcatalog; path = "Preview Assets.xcassets"; sourceTree = "<group>"; };
		48C862DF28A1EA7800C9D27F /* Info.plist */ = {isa = PBXFileReference; lastKnownFileType = text.plist.xml; path = Info.plist; sourceTree = "<group>"; };
		48C862E028A1EA7800C9D27F /* PushNotificationPayload.apns */ = {isa = PBXFileReference; lastKnownFileType = text; path = PushNotificationPayload.apns; sourceTree = "<group>"; };
		48C862F828A1EDDB00C9D27F /* LandmarkDetail.swift */ = {isa = PBXFileReference; lastKnownFileType = sourcecode.swift; path = LandmarkDetail.swift; sourceTree = "<group>"; };
		48CDFC4A28A105C600CCD45E /* CategoryHome.swift */ = {isa = PBXFileReference; lastKnownFileType = sourcecode.swift; path = CategoryHome.swift; sourceTree = "<group>"; };
		48CDFC4C28A107E900CCD45E /* CategoryRow.swift */ = {isa = PBXFileReference; lastKnownFileType = sourcecode.swift; path = CategoryRow.swift; sourceTree = "<group>"; };
		48CDFC4E28A10ABC00CCD45E /* CategoryItem.swift */ = {isa = PBXFileReference; lastKnownFileType = sourcecode.swift; path = CategoryItem.swift; sourceTree = "<group>"; };
		48CDFC5228A1118A00CCD45E /* Profile.swift */ = {isa = PBXFileReference; lastKnownFileType = sourcecode.swift; path = Profile.swift; sourceTree = "<group>"; };
		48CDFC5528A111BA00CCD45E /* ProfileHost.swift */ = {isa = PBXFileReference; lastKnownFileType = sourcecode.swift; path = ProfileHost.swift; sourceTree = "<group>"; };
		48CDFC5728A111F800CCD45E /* ProfileSummary.swift */ = {isa = PBXFileReference; lastKnownFileType = sourcecode.swift; path = ProfileSummary.swift; sourceTree = "<group>"; };
		48CDFC5928A112CE00CCD45E /* HikeBadge.swift */ = {isa = PBXFileReference; lastKnownFileType = sourcecode.swift; path = HikeBadge.swift; sourceTree = "<group>"; };
/* End PBXFileReference section */

/* Begin PBXFrameworksBuildPhase section */
		483E8E1F28A1FCDE002E2672 /* Frameworks */ = {
			isa = PBXFrameworksBuildPhase;
			buildActionMask = 2147483647;
			files = (
			);
			runOnlyForDeploymentPostprocessing = 0;
		};
		488B355F28A0A82A005DB0C7 /* Frameworks */ = {
			isa = PBXFrameworksBuildPhase;
			buildActionMask = 2147483647;
			files = (
			);
			runOnlyForDeploymentPostprocessing = 0;
		};
		48C862C828A1EA7700C9D27F /* Frameworks */ = {
			isa = PBXFrameworksBuildPhase;
			buildActionMask = 2147483647;
			files = (
			);
			runOnlyForDeploymentPostprocessing = 0;
		};
/* End PBXFrameworksBuildPhase section */

/* Begin PBXGroup section */
		483E8E2328A1FCDF002E2672 /* MacLandmarks */ = {
			isa = PBXGroup;
			children = (
				483E8E2628A1FCDF002E2672 /* ContentView.swift */,
				483E8E5928A1FE8B002E2672 /* LandmarkDetail.swift */,
				483E8E5D28A20913002E2672 /* LandmarkCommands.swift */,
				483E8E6028A20C51002E2672 /* LandmarkSettings.swift */,
				483E8E2D28A1FCE1002E2672 /* MacLandmarks.entitlements */,
				483E8E2828A1FCE1002E2672 /* Assets.xcassets */,
				483E8E2A28A1FCE1002E2672 /* Preview Content */,
			);
			path = MacLandmarks;
			sourceTree = "<group>";
		};
		483E8E2A28A1FCE1002E2672 /* Preview Content */ = {
			isa = PBXGroup;
			children = (
				483E8E2B28A1FCE1002E2672 /* Preview Assets.xcassets */,
			);
			path = "Preview Content";
			sourceTree = "<group>";
		};
		488B355928A0A82A005DB0C7 = {
			isa = PBXGroup;
			children = (
				488B357328A0B837005DB0C7 /* README.md */,
				488B356428A0A82A005DB0C7 /* landmarks */,
				48C862C428A1EA7400C9D27F /* WatchLandmarks */,
				48C862CF28A1EA7700C9D27F /* WatchLandmarks WatchKit Extension */,
				483E8E2328A1FCDF002E2672 /* MacLandmarks */,
				488B356328A0A82A005DB0C7 /* Products */,
			);
			sourceTree = "<group>";
		};
		488B356328A0A82A005DB0C7 /* Products */ = {
			isa = PBXGroup;
			children = (
				488B356228A0A82A005DB0C7 /* landmarks.app */,
				48C862C328A1EA7400C9D27F /* WatchLandmarks.app */,
				48C862CB28A1EA7700C9D27F /* WatchLandmarks WatchKit Extension.appex */,
				483E8E2228A1FCDE002E2672 /* MacLandmarks.app */,
			);
			name = Products;
			sourceTree = "<group>";
		};
		488B356428A0A82A005DB0C7 /* landmarks */ = {
			isa = PBXGroup;
			children = (
				48C862B628A13CDF00C9D27F /* Assets.xcassets */,
				488B356528A0A82A005DB0C7 /* landmarksApp.swift */,
				488B357628A0B85E005DB0C7 /* Model */,
				488B358328A0B85E005DB0C7 /* Resources */,
				488B357928A0B85E005DB0C7 /* Views */,
				488B356B28A0A82D005DB0C7 /* Preview Content */,
			);
			path = landmarks;
			sourceTree = "<group>";
		};
		488B356B28A0A82D005DB0C7 /* Preview Content */ = {
			isa = PBXGroup;
			children = (
				488B356C28A0A82D005DB0C7 /* Preview Assets.xcassets */,
			);
			path = "Preview Content";
			sourceTree = "<group>";
		};
		488B357628A0B85E005DB0C7 /* Model */ = {
			isa = PBXGroup;
			children = (
				488B357728A0B85E005DB0C7 /* Landmark.swift */,
				488B357828A0B85E005DB0C7 /* ModelData.swift */,
				48B4592728A0FC10007B8309 /* Hike.swift */,
				48CDFC5228A1118A00CCD45E /* Profile.swift */,
			);
			path = Model;
			sourceTree = "<group>";
		};
		488B357928A0B85E005DB0C7 /* Views */ = {
			isa = PBXGroup;
			children = (
				48C862B828A1E05100C9D27F /* PageView */,
				48CDFC5428A111A700CCD45E /* Profiles */,
				48CDFC4928A105B000CCD45E /* Categories */,
				48B4592928A0FD07007B8309 /* Hikes */,
				48B4592428A0F83D007B8309 /* Badges */,
				488B357A28A0B85E005DB0C7 /* Landmarks */,
				488B357E28A0B85E005DB0C7 /* ContentView.swift */,
				488B357F28A0B85E005DB0C7 /* Helpers */,
			);
			path = Views;
			sourceTree = "<group>";
		};
		488B357A28A0B85E005DB0C7 /* Landmarks */ = {
			isa = PBXGroup;
			children = (
				488B357B28A0B85E005DB0C7 /* LandmarkRow.swift */,
				488B357C28A0B85E005DB0C7 /* LandmarkDetail.swift */,
				488B357D28A0B85E005DB0C7 /* LandmarkList.swift */,
			);
			path = Landmarks;
			sourceTree = "<group>";
		};
		488B357F28A0B85E005DB0C7 /* Helpers */ = {
			isa = PBXGroup;
			children = (
				488B358028A0B85E005DB0C7 /* FavoriteButton.swift */,
				488B358128A0B85E005DB0C7 /* MapView.swift */,
				488B358228A0B85E005DB0C7 /* CircleImage.swift */,
			);
			path = Helpers;
			sourceTree = "<group>";
		};
		488B358328A0B85E005DB0C7 /* Resources */ = {
			isa = PBXGroup;
			children = (
				48B4592528A0FBFB007B8309 /* hikeData.json */,
				488B358428A0B85E005DB0C7 /* landmarkData.json */,
			);
			path = Resources;
			sourceTree = "<group>";
		};
		48B4592428A0F83D007B8309 /* Badges */ = {
			isa = PBXGroup;
			children = (
				48B4591A28A0E830007B8309 /* HexagonParameters.swift */,
				48B4591C28A0E94D007B8309 /* BadgeBackground.swift */,
				48B4591E28A0EF89007B8309 /* BadgeSymbol.swift */,
				48B4592028A0F6D3007B8309 /* RotatedBadgeSymbol.swift */,
				48B4592228A0F71F007B8309 /* Badge.swift */,
			);
			path = Badges;
			sourceTree = "<group>";
		};
		48B4592928A0FD07007B8309 /* Hikes */ = {
			isa = PBXGroup;
			children = (
				48B4592A28A0FD07007B8309 /* HikeView.swift */,
				48B4592B28A0FD07007B8309 /* HikeGraph.swift */,
				48B4592C28A0FD07007B8309 /* HikeDetail.swift */,
				48B4592D28A0FD07007B8309 /* GraphCapsule.swift */,
				48CDFC5928A112CE00CCD45E /* HikeBadge.swift */,
			);
			path = Hikes;
			sourceTree = "<group>";
		};
		48C862B828A1E05100C9D27F /* PageView */ = {
			isa = PBXGroup;
			children = (
				48C862B928A1E07100C9D27F /* PageViewController.swift */,
				48C862BB28A1E1C200C9D27F /* FeatureCard.swift */,
				48C862BD28A1E27B00C9D27F /* PageView.swift */,
				48C862BF28A1E6CA00C9D27F /* PageControl.swift */,
			);
			path = PageView;
			sourceTree = "<group>";
		};
		48C862C428A1EA7400C9D27F /* WatchLandmarks */ = {
			isa = PBXGroup;
			children = (
				48C862C528A1EA7600C9D27F /* Assets.xcassets */,
			);
			path = WatchLandmarks;
			sourceTree = "<group>";
		};
		48C862CF28A1EA7700C9D27F /* WatchLandmarks WatchKit Extension */ = {
			isa = PBXGroup;
			children = (
				48C862D228A1EA7700C9D27F /* ContentView.swift */,
				48C862D428A1EA7700C9D27F /* NotificationController.swift */,
				48C862D628A1EA7700C9D27F /* NotificationView.swift */,
				483E8E5B28A20362002E2672 /* LandmarkList.swift */,
				48C862F828A1EDDB00C9D27F /* LandmarkDetail.swift */,
				48C862D828A1EA7700C9D27F /* ComplicationController.swift */,
				48C862DA28A1EA7800C9D27F /* Assets.xcassets */,
				48C862DF28A1EA7800C9D27F /* Info.plist */,
				48C862E028A1EA7800C9D27F /* PushNotificationPayload.apns */,
				48C862DC28A1EA7800C9D27F /* Preview Content */,
			);
			path = "WatchLandmarks WatchKit Extension";
			sourceTree = "<group>";
		};
		48C862DC28A1EA7800C9D27F /* Preview Content */ = {
			isa = PBXGroup;
			children = (
				48C862DD28A1EA7800C9D27F /* Preview Assets.xcassets */,
			);
			path = "Preview Content";
			sourceTree = "<group>";
		};
		48CDFC4928A105B000CCD45E /* Categories */ = {
			isa = PBXGroup;
			children = (
				48CDFC4A28A105C600CCD45E /* CategoryHome.swift */,
				48CDFC4C28A107E900CCD45E /* CategoryRow.swift */,
				48CDFC4E28A10ABC00CCD45E /* CategoryItem.swift */,
			);
			path = Categories;
			sourceTree = "<group>";
		};
		48CDFC5428A111A700CCD45E /* Profiles */ = {
			isa = PBXGroup;
			children = (
				48CDFC5528A111BA00CCD45E /* ProfileHost.swift */,
				48CDFC5728A111F800CCD45E /* ProfileSummary.swift */,
				48C862B228A138FB00C9D27F /* ProfileEditor.swift */,
			);
			path = Profiles;
			sourceTree = "<group>";
		};
/* End PBXGroup section */

/* Begin PBXNativeTarget section */
		483E8E2128A1FCDE002E2672 /* MacLandmarks */ = {
			isa = PBXNativeTarget;
			buildConfigurationList = 483E8E3028A1FCE1002E2672 /* Build configuration list for PBXNativeTarget "MacLandmarks" */;
			buildPhases = (
				483E8E1E28A1FCDE002E2672 /* Sources */,
				483E8E1F28A1FCDE002E2672 /* Frameworks */,
				483E8E2028A1FCDE002E2672 /* Resources */,
			);
			buildRules = (
			);
			dependencies = (
			);
			name = MacLandmarks;
			productName = MacLandmarks;
			productReference = 483E8E2228A1FCDE002E2672 /* MacLandmarks.app */;
			productType = "com.apple.product-type.application";
		};
		488B356128A0A82A005DB0C7 /* landmarks */ = {
			isa = PBXNativeTarget;
			buildConfigurationList = 488B357028A0A82D005DB0C7 /* Build configuration list for PBXNativeTarget "landmarks" */;
			buildPhases = (
				488B355E28A0A82A005DB0C7 /* Sources */,
				488B355F28A0A82A005DB0C7 /* Frameworks */,
				488B356028A0A82A005DB0C7 /* Resources */,
				48C862EB28A1EA7900C9D27F /* Embed Watch Content */,
			);
			buildRules = (
			);
			dependencies = (
				48C862E228A1EA7800C9D27F /* PBXTargetDependency */,
			);
			name = landmarks;
			productName = landmarks;
			productReference = 488B356228A0A82A005DB0C7 /* landmarks.app */;
			productType = "com.apple.product-type.application";
		};
		48C862C228A1EA7400C9D27F /* WatchLandmarks */ = {
			isa = PBXNativeTarget;
			buildConfigurationList = 48C862E828A1EA7900C9D27F /* Build configuration list for PBXNativeTarget "WatchLandmarks" */;
			buildPhases = (
				48C862C128A1EA7400C9D27F /* Resources */,
				48C862E728A1EA7900C9D27F /* Embed App Extensions */,
			);
			buildRules = (
			);
			dependencies = (
				48C862CE28A1EA7700C9D27F /* PBXTargetDependency */,
			);
			name = WatchLandmarks;
			productName = WatchLandmarks;
			productReference = 48C862C328A1EA7400C9D27F /* WatchLandmarks.app */;
			productType = "com.apple.product-type.application.watchapp2";
		};
		48C862CA28A1EA7700C9D27F /* WatchLandmarks WatchKit Extension */ = {
			isa = PBXNativeTarget;
			buildConfigurationList = 48C862E428A1EA7900C9D27F /* Build configuration list for PBXNativeTarget "WatchLandmarks WatchKit Extension" */;
			buildPhases = (
				48C862C728A1EA7700C9D27F /* Sources */,
				48C862C828A1EA7700C9D27F /* Frameworks */,
				48C862C928A1EA7700C9D27F /* Resources */,
			);
			buildRules = (
			);
			dependencies = (
			);
			name = "WatchLandmarks WatchKit Extension";
			productName = "WatchLandmarks WatchKit Extension";
			productReference = 48C862CB28A1EA7700C9D27F /* WatchLandmarks WatchKit Extension.appex */;
			productType = "com.apple.product-type.watchkit2-extension";
		};
/* End PBXNativeTarget section */

/* Begin PBXProject section */
		488B355A28A0A82A005DB0C7 /* Project object */ = {
			isa = PBXProject;
			attributes = {
				BuildIndependentTargetsInParallel = 1;
				LastSwiftUpdateCheck = 1340;
				LastUpgradeCheck = 1340;
				TargetAttributes = {
					483E8E2128A1FCDE002E2672 = {
						CreatedOnToolsVersion = 13.4.1;
					};
					488B356128A0A82A005DB0C7 = {
						CreatedOnToolsVersion = 13.4.1;
					};
					48C862C228A1EA7400C9D27F = {
						CreatedOnToolsVersion = 13.4.1;
					};
					48C862CA28A1EA7700C9D27F = {
						CreatedOnToolsVersion = 13.4.1;
					};
				};
			};
			buildConfigurationList = 488B355D28A0A82A005DB0C7 /* Build configuration list for PBXProject "landmarks" */;
			compatibilityVersion = "Xcode 13.0";
			developmentRegion = en;
			hasScannedForEncodings = 0;
			knownRegions = (
				en,
				Base,
			);
			mainGroup = 488B355928A0A82A005DB0C7;
			productRefGroup = 488B356328A0A82A005DB0C7 /* Products */;
			projectDirPath = "";
			projectRoot = "";
			targets = (
				488B356128A0A82A005DB0C7 /* landmarks */,
				48C862C228A1EA7400C9D27F /* WatchLandmarks */,
				48C862CA28A1EA7700C9D27F /* WatchLandmarks WatchKit Extension */,
				483E8E2128A1FCDE002E2672 /* MacLandmarks */,
			);
		};
/* End PBXProject section */

/* Begin PBXResourcesBuildPhase section */
		483E8E2028A1FCDE002E2672 /* Resources */ = {
			isa = PBXResourcesBuildPhase;
			buildActionMask = 2147483647;
			files = (
				483E8E3B28A1FD9A002E2672 /* hikeData.json in Resources */,
				483E8E2C28A1FCE1002E2672 /* Preview Assets.xcassets in Resources */,
				483E8E2928A1FCE1002E2672 /* Assets.xcassets in Resources */,
				483E8E3228A1FD9A002E2672 /* landmarkData.json in Resources */,
				483E8E3C28A1FD9A002E2672 /* Assets.xcassets in Resources */,
			);
			runOnlyForDeploymentPostprocessing = 0;
		};
		488B356028A0A82A005DB0C7 /* Resources */ = {
			isa = PBXResourcesBuildPhase;
			buildActionMask = 2147483647;
			files = (
				488B357428A0B837005DB0C7 /* README.md in Resources */,
				488B358F28A0B85E005DB0C7 /* landmarkData.json in Resources */,
				488B356D28A0A82D005DB0C7 /* Preview Assets.xcassets in Resources */,
				48B4592628A0FBFB007B8309 /* hikeData.json in Resources */,
				48C862B728A13CDF00C9D27F /* Assets.xcassets in Resources */,
			);
			runOnlyForDeploymentPostprocessing = 0;
		};
		48C862C128A1EA7400C9D27F /* Resources */ = {
			isa = PBXResourcesBuildPhase;
			buildActionMask = 2147483647;
			files = (
				48C862C628A1EA7600C9D27F /* Assets.xcassets in Resources */,
			);
			runOnlyForDeploymentPostprocessing = 0;
		};
		48C862C928A1EA7700C9D27F /* Resources */ = {
			isa = PBXResourcesBuildPhase;
			buildActionMask = 2147483647;
			files = (
				483E8E5628A1FDBB002E2672 /* hikeData.json in Resources */,
				48C862DE28A1EA7800C9D27F /* Preview Assets.xcassets in Resources */,
				48C862DB28A1EA7800C9D27F /* Assets.xcassets in Resources */,
				483E8E4D28A1FDBB002E2672 /* landmarkData.json in Resources */,
				483E8E5728A1FDBB002E2672 /* Assets.xcassets in Resources */,
			);
			runOnlyForDeploymentPostprocessing = 0;
		};
/* End PBXResourcesBuildPhase section */

/* Begin PBXSourcesBuildPhase section */
		483E8E1E28A1FCDE002E2672 /* Sources */ = {
			isa = PBXSourcesBuildPhase;
			buildActionMask = 2147483647;
			files = (
				483E8E3128A1FD9A002E2672 /* LandmarkRow.swift in Sources */,
				483E8E3D28A1FD9A002E2672 /* Landmark.swift in Sources */,
				483E8E6128A20C51002E2672 /* LandmarkSettings.swift in Sources */,
				483E8E3628A1FD9A002E2672 /* MapView.swift in Sources */,
				483E8E3428A1FD9A002E2672 /* ModelData.swift in Sources */,
				483E8E5F28A20913002E2672 /* LandmarkCommands.swift in Sources */,
				483E8E5A28A1FE8B002E2672 /* LandmarkDetail.swift in Sources */,
				483E8E3728A1FD9A002E2672 /* LandmarkList.swift in Sources */,
				483E8E2728A1FCDF002E2672 /* ContentView.swift in Sources */,
				483E8E3528A1FD9A002E2672 /* FavoriteButton.swift in Sources */,
				483E8E3828A1FD9A002E2672 /* Hike.swift in Sources */,
				483E8E3928A1FD9A002E2672 /* Profile.swift in Sources */,
				483E8E3328A1FD9A002E2672 /* CircleImage.swift in Sources */,
				483E8E3A28A1FD9A002E2672 /* landmarksApp.swift in Sources */,
			);
			runOnlyForDeploymentPostprocessing = 0;
		};
		488B355E28A0A82A005DB0C7 /* Sources */ = {
			isa = PBXSourcesBuildPhase;
			buildActionMask = 2147483647;
			files = (
				48CDFC4D28A107E900CCD45E /* CategoryRow.swift in Sources */,
				48CDFC5328A1118A00CCD45E /* Profile.swift in Sources */,
				483E8E5E28A20913002E2672 /* LandmarkCommands.swift in Sources */,
				48B4593128A0FD07007B8309 /* GraphCapsule.swift in Sources */,
				48CDFC4B28A105C600CCD45E /* CategoryHome.swift in Sources */,
				48C862BC28A1E1C200C9D27F /* FeatureCard.swift in Sources */,
				488B358828A0B85E005DB0C7 /* LandmarkRow.swift in Sources */,
				48B4592F28A0FD07007B8309 /* HikeGraph.swift in Sources */,
				48B4592328A0F71F007B8309 /* Badge.swift in Sources */,
				488B358D28A0B85E005DB0C7 /* MapView.swift in Sources */,
				488B358C28A0B85E005DB0C7 /* FavoriteButton.swift in Sources */,
				48C862C028A1E6CA00C9D27F /* PageControl.swift in Sources */,
				488B358E28A0B85E005DB0C7 /* CircleImage.swift in Sources */,
				48CDFC4F28A10ABC00CCD45E /* CategoryItem.swift in Sources */,
				48B4592E28A0FD07007B8309 /* HikeView.swift in Sources */,
				48CDFC5828A111F800CCD45E /* ProfileSummary.swift in Sources */,
				48B4593028A0FD07007B8309 /* HikeDetail.swift in Sources */,
				48CDFC5628A111BA00CCD45E /* ProfileHost.swift in Sources */,
				48B4591B28A0E830007B8309 /* HexagonParameters.swift in Sources */,
				48B4592828A0FC10007B8309 /* Hike.swift in Sources */,
				48C862BE28A1E27B00C9D27F /* PageView.swift in Sources */,
				48B4592128A0F6D3007B8309 /* RotatedBadgeSymbol.swift in Sources */,
				48C862B328A138FB00C9D27F /* ProfileEditor.swift in Sources */,
				48B4591F28A0EF89007B8309 /* BadgeSymbol.swift in Sources */,
				488B358A28A0B85E005DB0C7 /* LandmarkList.swift in Sources */,
				488B358728A0B85E005DB0C7 /* ModelData.swift in Sources */,
				48C862BA28A1E07100C9D27F /* PageViewController.swift in Sources */,
				48B4591D28A0E94D007B8309 /* BadgeBackground.swift in Sources */,
				48CDFC5A28A112CE00CCD45E /* HikeBadge.swift in Sources */,
				488B358B28A0B85E005DB0C7 /* ContentView.swift in Sources */,
				488B356628A0A82A005DB0C7 /* landmarksApp.swift in Sources */,
				488B358628A0B85E005DB0C7 /* Landmark.swift in Sources */,
				488B358928A0B85E005DB0C7 /* LandmarkDetail.swift in Sources */,
			);
			runOnlyForDeploymentPostprocessing = 0;
		};
		48C862C728A1EA7700C9D27F /* Sources */ = {
			isa = PBXSourcesBuildPhase;
			buildActionMask = 2147483647;
			files = (
				48C862D528A1EA7700C9D27F /* NotificationController.swift in Sources */,
				48C862D328A1EA7700C9D27F /* ContentView.swift in Sources */,
				483E8E5C28A20362002E2672 /* LandmarkList.swift in Sources */,
				483E8E5428A1FDBB002E2672 /* Profile.swift in Sources */,
				483E8E4C28A1FDBB002E2672 /* LandmarkRow.swift in Sources */,
				483E8E5528A1FDBB002E2672 /* landmarksApp.swift in Sources */,
				483E8E5028A1FDBB002E2672 /* FavoriteButton.swift in Sources */,
				483E8E4E28A1FDBB002E2672 /* CircleImage.swift in Sources */,
				483E8E5328A1FDBB002E2672 /* Hike.swift in Sources */,
				48C862F928A1EDDB00C9D27F /* LandmarkDetail.swift in Sources */,
				483E8E4F28A1FDBB002E2672 /* ModelData.swift in Sources */,
				483E8E5128A1FDBB002E2672 /* MapView.swift in Sources */,
				48C862D928A1EA7700C9D27F /* ComplicationController.swift in Sources */,
				48C862D728A1EA7700C9D27F /* NotificationView.swift in Sources */,
				483E8E5828A1FDBB002E2672 /* Landmark.swift in Sources */,
			);
			runOnlyForDeploymentPostprocessing = 0;
		};
/* End PBXSourcesBuildPhase section */

/* Begin PBXTargetDependency section */
		48C862CE28A1EA7700C9D27F /* PBXTargetDependency */ = {
			isa = PBXTargetDependency;
			target = 48C862CA28A1EA7700C9D27F /* WatchLandmarks WatchKit Extension */;
			targetProxy = 48C862CD28A1EA7700C9D27F /* PBXContainerItemProxy */;
		};
		48C862E228A1EA7800C9D27F /* PBXTargetDependency */ = {
			isa = PBXTargetDependency;
			target = 48C862C228A1EA7400C9D27F /* WatchLandmarks */;
			targetProxy = 48C862E128A1EA7800C9D27F /* PBXContainerItemProxy */;
		};
/* End PBXTargetDependency section */

/* Begin XCBuildConfiguration section */
		483E8E2E28A1FCE1002E2672 /* Debug */ = {
			isa = XCBuildConfiguration;
			buildSettings = {
				ASSETCATALOG_COMPILER_APPICON_NAME = AppIcon;
				ASSETCATALOG_COMPILER_GLOBAL_ACCENT_COLOR_NAME = AccentColor;
				CODE_SIGN_ENTITLEMENTS = MacLandmarks/MacLandmarks.entitlements;
				CODE_SIGN_STYLE = Automatic;
				COMBINE_HIDPI_IMAGES = YES;
				CURRENT_PROJECT_VERSION = 1;
				DEVELOPMENT_ASSET_PATHS = "\"MacLandmarks/Preview Content\"";
				DEVELOPMENT_TEAM = ZPF9V8U7GW;
				ENABLE_HARDENED_RUNTIME = YES;
				ENABLE_PREVIEWS = YES;
				GENERATE_INFOPLIST_FILE = YES;
				INFOPLIST_KEY_NSHumanReadableCopyright = "";
				LD_RUNPATH_SEARCH_PATHS = (
					"$(inherited)",
					"@executable_path/../Frameworks",
				);
				MACOSX_DEPLOYMENT_TARGET = 12.3;
				MARKETING_VERSION = 1.0;
				PRODUCT_BUNDLE_IDENTIFIER = com.github.craygit.MacLandmarks;
				PRODUCT_NAME = "$(TARGET_NAME)";
				SDKROOT = macosx;
				SWIFT_EMIT_LOC_STRINGS = YES;
				SWIFT_VERSION = 5.0;
			};
			name = Debug;
		};
		483E8E2F28A1FCE1002E2672 /* Release */ = {
			isa = XCBuildConfiguration;
			buildSettings = {
				ASSETCATALOG_COMPILER_APPICON_NAME = AppIcon;
				ASSETCATALOG_COMPILER_GLOBAL_ACCENT_COLOR_NAME = AccentColor;
				CODE_SIGN_ENTITLEMENTS = MacLandmarks/MacLandmarks.entitlements;
				CODE_SIGN_STYLE = Automatic;
				COMBINE_HIDPI_IMAGES = YES;
				CURRENT_PROJECT_VERSION = 1;
				DEVELOPMENT_ASSET_PATHS = "\"MacLandmarks/Preview Content\"";
				DEVELOPMENT_TEAM = ZPF9V8U7GW;
				ENABLE_HARDENED_RUNTIME = YES;
				ENABLE_PREVIEWS = YES;
				GENERATE_INFOPLIST_FILE = YES;
				INFOPLIST_KEY_NSHumanReadableCopyright = "";
				LD_RUNPATH_SEARCH_PATHS = (
					"$(inherited)",
					"@executable_path/../Frameworks",
				);
				MACOSX_DEPLOYMENT_TARGET = 12.3;
				MARKETING_VERSION = 1.0;
				PRODUCT_BUNDLE_IDENTIFIER = com.github.craygit.MacLandmarks;
				PRODUCT_NAME = "$(TARGET_NAME)";
				SDKROOT = macosx;
				SWIFT_EMIT_LOC_STRINGS = YES;
				SWIFT_VERSION = 5.0;
			};
			name = Release;
		};
		488B356E28A0A82D005DB0C7 /* Debug */ = {
			isa = XCBuildConfiguration;
			buildSettings = {
				ALWAYS_SEARCH_USER_PATHS = NO;
				CLANG_ANALYZER_NONNULL = YES;
				CLANG_ANALYZER_NUMBER_OBJECT_CONVERSION = YES_AGGRESSIVE;
				CLANG_CXX_LANGUAGE_STANDARD = "gnu++17";
				CLANG_ENABLE_MODULES = YES;
				CLANG_ENABLE_OBJC_ARC = YES;
				CLANG_ENABLE_OBJC_WEAK = YES;
				CLANG_WARN_BLOCK_CAPTURE_AUTORELEASING = YES;
				CLANG_WARN_BOOL_CONVERSION = YES;
				CLANG_WARN_COMMA = YES;
				CLANG_WARN_CONSTANT_CONVERSION = YES;
				CLANG_WARN_DEPRECATED_OBJC_IMPLEMENTATIONS = YES;
				CLANG_WARN_DIRECT_OBJC_ISA_USAGE = YES_ERROR;
				CLANG_WARN_DOCUMENTATION_COMMENTS = YES;
				CLANG_WARN_EMPTY_BODY = YES;
				CLANG_WARN_ENUM_CONVERSION = YES;
				CLANG_WARN_INFINITE_RECURSION = YES;
				CLANG_WARN_INT_CONVERSION = YES;
				CLANG_WARN_NON_LITERAL_NULL_CONVERSION = YES;
				CLANG_WARN_OBJC_IMPLICIT_RETAIN_SELF = YES;
				CLANG_WARN_OBJC_LITERAL_CONVERSION = YES;
				CLANG_WARN_OBJC_ROOT_CLASS = YES_ERROR;
				CLANG_WARN_QUOTED_INCLUDE_IN_FRAMEWORK_HEADER = YES;
				CLANG_WARN_RANGE_LOOP_ANALYSIS = YES;
				CLANG_WARN_STRICT_PROTOTYPES = YES;
				CLANG_WARN_SUSPICIOUS_MOVE = YES;
				CLANG_WARN_UNGUARDED_AVAILABILITY = YES_AGGRESSIVE;
				CLANG_WARN_UNREACHABLE_CODE = YES;
				CLANG_WARN__DUPLICATE_METHOD_MATCH = YES;
				COPY_PHASE_STRIP = NO;
				DEBUG_INFORMATION_FORMAT = dwarf;
				ENABLE_STRICT_OBJC_MSGSEND = YES;
				ENABLE_TESTABILITY = YES;
				GCC_C_LANGUAGE_STANDARD = gnu11;
				GCC_DYNAMIC_NO_PIC = NO;
				GCC_NO_COMMON_BLOCKS = YES;
				GCC_OPTIMIZATION_LEVEL = 0;
				GCC_PREPROCESSOR_DEFINITIONS = (
					"DEBUG=1",
					"$(inherited)",
				);
				GCC_WARN_64_TO_32_BIT_CONVERSION = YES;
				GCC_WARN_ABOUT_RETURN_TYPE = YES_ERROR;
				GCC_WARN_UNDECLARED_SELECTOR = YES;
				GCC_WARN_UNINITIALIZED_AUTOS = YES_AGGRESSIVE;
				GCC_WARN_UNUSED_FUNCTION = YES;
				GCC_WARN_UNUSED_VARIABLE = YES;
				IPHONEOS_DEPLOYMENT_TARGET = 15.5;
				MTL_ENABLE_DEBUG_INFO = INCLUDE_SOURCE;
				MTL_FAST_MATH = YES;
				ONLY_ACTIVE_ARCH = YES;
				SDKROOT = iphoneos;
				SWIFT_ACTIVE_COMPILATION_CONDITIONS = DEBUG;
				SWIFT_OPTIMIZATION_LEVEL = "-Onone";
			};
			name = Debug;
		};
		488B356F28A0A82D005DB0C7 /* Release */ = {
			isa = XCBuildConfiguration;
			buildSettings = {
				ALWAYS_SEARCH_USER_PATHS = NO;
				CLANG_ANALYZER_NONNULL = YES;
				CLANG_ANALYZER_NUMBER_OBJECT_CONVERSION = YES_AGGRESSIVE;
				CLANG_CXX_LANGUAGE_STANDARD = "gnu++17";
				CLANG_ENABLE_MODULES = YES;
				CLANG_ENABLE_OBJC_ARC = YES;
				CLANG_ENABLE_OBJC_WEAK = YES;
				CLANG_WARN_BLOCK_CAPTURE_AUTORELEASING = YES;
				CLANG_WARN_BOOL_CONVERSION = YES;
				CLANG_WARN_COMMA = YES;
				CLANG_WARN_CONSTANT_CONVERSION = YES;
				CLANG_WARN_DEPRECATED_OBJC_IMPLEMENTATIONS = YES;
				CLANG_WARN_DIRECT_OBJC_ISA_USAGE = YES_ERROR;
				CLANG_WARN_DOCUMENTATION_COMMENTS = YES;
				CLANG_WARN_EMPTY_BODY = YES;
				CLANG_WARN_ENUM_CONVERSION = YES;
				CLANG_WARN_INFINITE_RECURSION = YES;
				CLANG_WARN_INT_CONVERSION = YES;
				CLANG_WARN_NON_LITERAL_NULL_CONVERSION = YES;
				CLANG_WARN_OBJC_IMPLICIT_RETAIN_SELF = YES;
				CLANG_WARN_OBJC_LITERAL_CONVERSION = YES;
				CLANG_WARN_OBJC_ROOT_CLASS = YES_ERROR;
				CLANG_WARN_QUOTED_INCLUDE_IN_FRAMEWORK_HEADER = YES;
				CLANG_WARN_RANGE_LOOP_ANALYSIS = YES;
				CLANG_WARN_STRICT_PROTOTYPES = YES;
				CLANG_WARN_SUSPICIOUS_MOVE = YES;
				CLANG_WARN_UNGUARDED_AVAILABILITY = YES_AGGRESSIVE;
				CLANG_WARN_UNREACHABLE_CODE = YES;
				CLANG_WARN__DUPLICATE_METHOD_MATCH = YES;
				COPY_PHASE_STRIP = NO;
				DEBUG_INFORMATION_FORMAT = "dwarf-with-dsym";
				ENABLE_NS_ASSERTIONS = NO;
				ENABLE_STRICT_OBJC_MSGSEND = YES;
				GCC_C_LANGUAGE_STANDARD = gnu11;
				GCC_NO_COMMON_BLOCKS = YES;
				GCC_WARN_64_TO_32_BIT_CONVERSION = YES;
				GCC_WARN_ABOUT_RETURN_TYPE = YES_ERROR;
				GCC_WARN_UNDECLARED_SELECTOR = YES;
				GCC_WARN_UNINITIALIZED_AUTOS = YES_AGGRESSIVE;
				GCC_WARN_UNUSED_FUNCTION = YES;
				GCC_WARN_UNUSED_VARIABLE = YES;
				IPHONEOS_DEPLOYMENT_TARGET = 15.5;
				MTL_ENABLE_DEBUG_INFO = NO;
				MTL_FAST_MATH = YES;
				SDKROOT = iphoneos;
				SWIFT_COMPILATION_MODE = wholemodule;
				SWIFT_OPTIMIZATION_LEVEL = "-O";
				VALIDATE_PRODUCT = YES;
			};
			name = Release;
		};
		488B357128A0A82D005DB0C7 /* Debug */ = {
			isa = XCBuildConfiguration;
			buildSettings = {
				ASSETCATALOG_COMPILER_APPICON_NAME = AppIcon;
				ASSETCATALOG_COMPILER_GLOBAL_ACCENT_COLOR_NAME = AccentColor;
				CODE_SIGN_STYLE = Automatic;
				CURRENT_PROJECT_VERSION = 1;
				DEVELOPMENT_ASSET_PATHS = "\"landmarks/Preview Content\"";
				DEVELOPMENT_TEAM = ZPF9V8U7GW;
				ENABLE_PREVIEWS = YES;
				GENERATE_INFOPLIST_FILE = YES;
				INFOPLIST_KEY_UIApplicationSceneManifest_Generation = YES;
				INFOPLIST_KEY_UIApplicationSupportsIndirectInputEvents = YES;
				INFOPLIST_KEY_UILaunchScreen_Generation = YES;
				INFOPLIST_KEY_UISupportedInterfaceOrientations_iPad = "UIInterfaceOrientationPortrait UIInterfaceOrientationPortraitUpsideDown UIInterfaceOrientationLandscapeLeft UIInterfaceOrientationLandscapeRight";
				INFOPLIST_KEY_UISupportedInterfaceOrientations_iPhone = "UIInterfaceOrientationPortrait UIInterfaceOrientationLandscapeLeft UIInterfaceOrientationLandscapeRight";
				LD_RUNPATH_SEARCH_PATHS = (
					"$(inherited)",
					"@executable_path/Frameworks",
				);
				MARKETING_VERSION = 1.0;
				PRODUCT_BUNDLE_IDENTIFIER = com.github.craygit.swiftui.landmarks;
				PRODUCT_NAME = "$(TARGET_NAME)";
				SWIFT_EMIT_LOC_STRINGS = YES;
				SWIFT_VERSION = 5.0;
				TARGETED_DEVICE_FAMILY = "1,2";
			};
			name = Debug;
		};
		488B357228A0A82D005DB0C7 /* Release */ = {
			isa = XCBuildConfiguration;
			buildSettings = {
				ASSETCATALOG_COMPILER_APPICON_NAME = AppIcon;
				ASSETCATALOG_COMPILER_GLOBAL_ACCENT_COLOR_NAME = AccentColor;
				CODE_SIGN_STYLE = Automatic;
				CURRENT_PROJECT_VERSION = 1;
				DEVELOPMENT_ASSET_PATHS = "\"landmarks/Preview Content\"";
				DEVELOPMENT_TEAM = ZPF9V8U7GW;
				ENABLE_PREVIEWS = YES;
				GENERATE_INFOPLIST_FILE = YES;
				INFOPLIST_KEY_UIApplicationSceneManifest_Generation = YES;
				INFOPLIST_KEY_UIApplicationSupportsIndirectInputEvents = YES;
				INFOPLIST_KEY_UILaunchScreen_Generation = YES;
				INFOPLIST_KEY_UISupportedInterfaceOrientations_iPad = "UIInterfaceOrientationPortrait UIInterfaceOrientationPortraitUpsideDown UIInterfaceOrientationLandscapeLeft UIInterfaceOrientationLandscapeRight";
				INFOPLIST_KEY_UISupportedInterfaceOrientations_iPhone = "UIInterfaceOrientationPortrait UIInterfaceOrientationLandscapeLeft UIInterfaceOrientationLandscapeRight";
				LD_RUNPATH_SEARCH_PATHS = (
					"$(inherited)",
					"@executable_path/Frameworks",
				);
				MARKETING_VERSION = 1.0;
				PRODUCT_BUNDLE_IDENTIFIER = com.github.craygit.swiftui.landmarks;
				PRODUCT_NAME = "$(TARGET_NAME)";
				SWIFT_EMIT_LOC_STRINGS = YES;
				SWIFT_VERSION = 5.0;
				TARGETED_DEVICE_FAMILY = "1,2";
			};
			name = Release;
		};
		48C862E528A1EA7900C9D27F /* Debug */ = {
			isa = XCBuildConfiguration;
			buildSettings = {
				ASSETCATALOG_COMPILER_COMPLICATION_NAME = Complication;
				CODE_SIGN_STYLE = Automatic;
				CURRENT_PROJECT_VERSION = 1;
				DEVELOPMENT_ASSET_PATHS = "\"WatchLandmarks WatchKit Extension/Preview Content\"";
				DEVELOPMENT_TEAM = ZPF9V8U7GW;
				ENABLE_PREVIEWS = YES;
				GENERATE_INFOPLIST_FILE = YES;
				INFOPLIST_FILE = "WatchLandmarks WatchKit Extension/Info.plist";
				INFOPLIST_KEY_CFBundleDisplayName = "WatchLandmarks WatchKit Extension";
				INFOPLIST_KEY_CLKComplicationPrincipalClass = WatchLandmarks_WatchKit_Extension.ComplicationController;
				INFOPLIST_KEY_NSHumanReadableCopyright = "";
				INFOPLIST_KEY_WKRunsIndependentlyOfCompanionApp = YES;
				LD_RUNPATH_SEARCH_PATHS = (
					"$(inherited)",
					"@executable_path/Frameworks",
					"@executable_path/../../Frameworks",
				);
				MARKETING_VERSION = 1.0;
				PRODUCT_BUNDLE_IDENTIFIER = com.github.craygit.swiftui.landmarks.watchkitapp.watchkitextension;
				PRODUCT_NAME = "${TARGET_NAME}";
				SDKROOT = watchos;
				SKIP_INSTALL = YES;
				SWIFT_EMIT_LOC_STRINGS = YES;
				SWIFT_VERSION = 5.0;
				TARGETED_DEVICE_FAMILY = 4;
				WATCHOS_DEPLOYMENT_TARGET = 8.5;
			};
			name = Debug;
		};
		48C862E628A1EA7900C9D27F /* Release */ = {
			isa = XCBuildConfiguration;
			buildSettings = {
				ASSETCATALOG_COMPILER_COMPLICATION_NAME = Complication;
				CODE_SIGN_STYLE = Automatic;
				CURRENT_PROJECT_VERSION = 1;
				DEVELOPMENT_ASSET_PATHS = "\"WatchLandmarks WatchKit Extension/Preview Content\"";
				DEVELOPMENT_TEAM = ZPF9V8U7GW;
				ENABLE_PREVIEWS = YES;
				GENERATE_INFOPLIST_FILE = YES;
				INFOPLIST_FILE = "WatchLandmarks WatchKit Extension/Info.plist";
				INFOPLIST_KEY_CFBundleDisplayName = "WatchLandmarks WatchKit Extension";
				INFOPLIST_KEY_CLKComplicationPrincipalClass = WatchLandmarks_WatchKit_Extension.ComplicationController;
				INFOPLIST_KEY_NSHumanReadableCopyright = "";
				INFOPLIST_KEY_WKRunsIndependentlyOfCompanionApp = YES;
				LD_RUNPATH_SEARCH_PATHS = (
					"$(inherited)",
					"@executable_path/Frameworks",
					"@executable_path/../../Frameworks",
				);
				MARKETING_VERSION = 1.0;
				PRODUCT_BUNDLE_IDENTIFIER = com.github.craygit.swiftui.landmarks.watchkitapp.watchkitextension;
				PRODUCT_NAME = "${TARGET_NAME}";
				SDKROOT = watchos;
				SKIP_INSTALL = YES;
				SWIFT_EMIT_LOC_STRINGS = YES;
				SWIFT_VERSION = 5.0;
				TARGETED_DEVICE_FAMILY = 4;
				WATCHOS_DEPLOYMENT_TARGET = 8.5;
			};
			name = Release;
		};
		48C862E928A1EA7900C9D27F /* Debug */ = {
			isa = XCBuildConfiguration;
			buildSettings = {
				ALWAYS_EMBED_SWIFT_STANDARD_LIBRARIES = YES;
				ASSETCATALOG_COMPILER_APPICON_NAME = AppIcon;
				ASSETCATALOG_COMPILER_GLOBAL_ACCENT_COLOR_NAME = AccentColor;
				CODE_SIGN_STYLE = Automatic;
				CURRENT_PROJECT_VERSION = 1;
				DEVELOPMENT_TEAM = ZPF9V8U7GW;
				GENERATE_INFOPLIST_FILE = YES;
				IBSC_MODULE = WatchLandmarks_WatchKit_Extension;
				INFOPLIST_KEY_CFBundleDisplayName = WatchLandmarks;
				INFOPLIST_KEY_UISupportedInterfaceOrientations = "UIInterfaceOrientationPortrait UIInterfaceOrientationPortraitUpsideDown";
				INFOPLIST_KEY_WKCompanionAppBundleIdentifier = com.github.craygit.swiftui.landmarks;
				MARKETING_VERSION = 1.0;
				PRODUCT_BUNDLE_IDENTIFIER = com.github.craygit.swiftui.landmarks.watchkitapp;
				PRODUCT_NAME = "$(TARGET_NAME)";
				SDKROOT = watchos;
				SKIP_INSTALL = YES;
				SWIFT_EMIT_LOC_STRINGS = YES;
				SWIFT_VERSION = 5.0;
				TARGETED_DEVICE_FAMILY = 4;
				WATCHOS_DEPLOYMENT_TARGET = 8.5;
			};
			name = Debug;
		};
		48C862EA28A1EA7900C9D27F /* Release */ = {
			isa = XCBuildConfiguration;
			buildSettings = {
				ALWAYS_EMBED_SWIFT_STANDARD_LIBRARIES = YES;
				ASSETCATALOG_COMPILER_APPICON_NAME = AppIcon;
				ASSETCATALOG_COMPILER_GLOBAL_ACCENT_COLOR_NAME = AccentColor;
				CODE_SIGN_STYLE = Automatic;
				CURRENT_PROJECT_VERSION = 1;
				DEVELOPMENT_TEAM = ZPF9V8U7GW;
				GENERATE_INFOPLIST_FILE = YES;
				IBSC_MODULE = WatchLandmarks_WatchKit_Extension;
				INFOPLIST_KEY_CFBundleDisplayName = WatchLandmarks;
				INFOPLIST_KEY_UISupportedInterfaceOrientations = "UIInterfaceOrientationPortrait UIInterfaceOrientationPortraitUpsideDown";
				INFOPLIST_KEY_WKCompanionAppBundleIdentifier = com.github.craygit.swiftui.landmarks;
				MARKETING_VERSION = 1.0;
				PRODUCT_BUNDLE_IDENTIFIER = com.github.craygit.swiftui.landmarks.watchkitapp;
				PRODUCT_NAME = "$(TARGET_NAME)";
				SDKROOT = watchos;
				SKIP_INSTALL = YES;
				SWIFT_EMIT_LOC_STRINGS = YES;
				SWIFT_VERSION = 5.0;
				TARGETED_DEVICE_FAMILY = 4;
				WATCHOS_DEPLOYMENT_TARGET = 8.5;
			};
			name = Release;
		};
/* End XCBuildConfiguration section */

/* Begin XCConfigurationList section */
		483E8E3028A1FCE1002E2672 /* Build configuration list for PBXNativeTarget "MacLandmarks" */ = {
			isa = XCConfigurationList;
			buildConfigurations = (
				483E8E2E28A1FCE1002E2672 /* Debug */,
				483E8E2F28A1FCE1002E2672 /* Release */,
			);
			defaultConfigurationIsVisible = 0;
			defaultConfigurationName = Release;
		};
		488B355D28A0A82A005DB0C7 /* Build configuration list for PBXProject "landmarks" */ = {
			isa = XCConfigurationList;
			buildConfigurations = (
				488B356E28A0A82D005DB0C7 /* Debug */,
				488B356F28A0A82D005DB0C7 /* Release */,
			);
			defaultConfigurationIsVisible = 0;
			defaultConfigurationName = Release;
		};
		488B357028A0A82D005DB0C7 /* Build configuration list for PBXNativeTarget "landmarks" */ = {
			isa = XCConfigurationList;
			buildConfigurations = (
				488B357128A0A82D005DB0C7 /* Debug */,
				488B357228A0A82D005DB0C7 /* Release */,
			);
			defaultConfigurationIsVisible = 0;
			defaultConfigurationName = Release;
		};
		48C862E428A1EA7900C9D27F /* Build configuration list for PBXNativeTarget "WatchLandmarks WatchKit Extension" */ = {
			isa = XCConfigurationList;
			buildConfigurations = (
				48C862E528A1EA7900C9D27F /* Debug */,
				48C862E628A1EA7900C9D27F /* Release */,
			);
			defaultConfigurationIsVisible = 0;
			defaultConfigurationName = Release;
		};
		48C862E828A1EA7900C9D27F /* Build configuration list for PBXNativeTarget "WatchLandmarks" */ = {
			isa = XCConfigurationList;
			buildConfigurations = (
				48C862E928A1EA7900C9D27F /* Debug */,
				48C862EA28A1EA7900C9D27F /* Release */,
			);
			defaultConfigurationIsVisible = 0;
			defaultConfigurationName = Release;
		};
/* End XCConfigurationList section */
	};
	rootObject = 488B355A28A0A82A005DB0C7 /* Project object */;
}
